# This file is automatically @generated by Cargo.
# It is not intended for manual editing.
version = 3

[[package]]
name = "bar-step1"
version = "0.1.0"

[[package]]
name = "bar-step2"
version = "0.1.0"

[[package]]
name = "bar-step3"
version = "0.1.0"

[[package]]
name = "rustlatin-step1"
version = "0.1.0"

[[package]]
name = "rustlatin-step2"
version = "0.1.0"

[[package]]
name = "rustlatin-step3"
version = "0.1.0"

[[package]]
name = "rustlatin-step4"
version = "0.1.0"
